// !$*UTF8*$!
{
	archiveVersion = 1;
	classes = {
	};
	objectVersion = 46;
	objects = {

/* Begin PBXBuildFile section */
		D671E8C81BA7B10F00980679 /* AppDelegate.swift in Sources */ = {isa = PBXBuildFile; fileRef = D671E8C71BA7B10F00980679 /* AppDelegate.swift */; };
		D671E8CA1BA7B10F00980679 /* ViewController.swift in Sources */ = {isa = PBXBuildFile; fileRef = D671E8C91BA7B10F00980679 /* ViewController.swift */; };
		D671E8CD1BA7B10F00980679 /* Main.storyboard in Resources */ = {isa = PBXBuildFile; fileRef = D671E8CB1BA7B10F00980679 /* Main.storyboard */; };
		D671E8CF1BA7B10F00980679 /* Assets.xcassets in Resources */ = {isa = PBXBuildFile; fileRef = D671E8CE1BA7B10F00980679 /* Assets.xcassets */; };
		D671E8D21BA7B10F00980679 /* LaunchScreen.storyboard in Resources */ = {isa = PBXBuildFile; fileRef = D671E8D01BA7B10F00980679 /* LaunchScreen.storyboard */; };
/* End PBXBuildFile section */

/* Begin PBXFileReference section */
		D671E8C41BA7B10F00980679 /* TestApp1.app */ = {isa = PBXFileReference; explicitFileType = wrapper.application; includeInIndex = 0; path = TestApp1.app; sourceTree = BUILT_PRODUCTS_DIR; };
		D671E8C71BA7B10F00980679 /* AppDelegate.swift */ = {isa = PBXFileReference; lastKnownFileType = sourcecode.swift; path = AppDelegate.swift; sourceTree = "<group>"; };
		D671E8C91BA7B10F00980679 /* ViewController.swift */ = {isa = PBXFileReference; lastKnownFileType = sourcecode.swift; path = ViewController.swift; sourceTree = "<group>"; };
		D671E8CC1BA7B10F00980679 /* Base */ = {isa = PBXFileReference; lastKnownFileType = file.storyboard; name = Base; path = Base.lproj/Main.storyboard; sourceTree = "<group>"; };
		D671E8CE1BA7B10F00980679 /* Assets.xcassets */ = {isa = PBXFileReference; lastKnownFileType = folder.assetcatalog; path = Assets.xcassets; sourceTree = "<group>"; };
		D671E8D11BA7B10F00980679 /* Base */ = {isa = PBXFileReference; lastKnownFileType = file.storyboard; name = Base; path = Base.lproj/LaunchScreen.storyboard; sourceTree = "<group>"; };
		D671E8D31BA7B10F00980679 /* Info.plist */ = {isa = PBXFileReference; lastKnownFileType = text.plist.xml; path = Info.plist; sourceTree = "<group>"; };
/* End PBXFileReference section */

/* Begin PBXFrameworksBuildPhase section */
		D671E8C11BA7B10F00980679 /* Frameworks */ = {
			isa = PBXFrameworksBuildPhase;
			buildActionMask = 2147483647;
			files = (
			);
			runOnlyForDeploymentPostprocessing = 0;
		};
/* End PBXFrameworksBuildPhase section */

/* Begin PBXGroup section */
		D671E8BB1BA7B10F00980679 = {
			isa = PBXGroup;
			children = (
				D671E8C61BA7B10F00980679 /* TestApp1 */,
				D671E8C51BA7B10F00980679 /* Products */,
			);
			sourceTree = "<group>";
		};
		D671E8C51BA7B10F00980679 /* Products */ = {
			isa = PBXGroup;
			children = (
				D671E8C41BA7B10F00980679 /* TestApp1.app */,
			);
			name = Products;
			sourceTree = "<group>";
		};
		D671E8C61BA7B10F00980679 /* TestApp1 */ = {
			isa = PBXGroup;
			children = (
				D671E8C71BA7B10F00980679 /* AppDelegate.swift */,
				D671E8C91BA7B10F00980679 /* ViewController.swift */,
				D671E8CB1BA7B10F00980679 /* Main.storyboard */,
				D671E8CE1BA7B10F00980679 /* Assets.xcassets */,
				D671E8D01BA7B10F00980679 /* LaunchScreen.storyboard */,
				D671E8D31BA7B10F00980679 /* Info.plist */,
			);
			path = TestApp1;
			sourceTree = "<group>";
		};
/* End PBXGroup section */

/* Begin PBXNativeTarget section */
		D671E8C31BA7B10F00980679 /* TestApp1 */ = {
			isa = PBXNativeTarget;
			buildConfigurationList = D671E8D61BA7B10F00980679 /* Build configuration list for PBXNativeTarget "TestApp1" */;
			buildPhases = (
				D671E8C01BA7B10F00980679 /* Sources */,
				D671E8C11BA7B10F00980679 /* Frameworks */,
				D671E8C21BA7B10F00980679 /* Resources */,
			);
			buildRules = (
			);
			dependencies = (
			);
			name = TestApp1;
			productName = TestApp1;
			productReference = D671E8C41BA7B10F00980679 /* TestApp1.app */;
			productType = "com.apple.product-type.application";
		};
/* End PBXNativeTarget section */

/* Begin PBXProject section */
		D671E8BC1BA7B10F00980679 /* Project object */ = {
			isa = PBXProject;
			attributes = {
				LastUpgradeCheck = 0700;
				ORGANIZATIONNAME = "Neel Bola";
				TargetAttributes = {
					D671E8C31BA7B10F00980679 = {
						CreatedOnToolsVersion = 7.0;
					};
				};
			};
			buildConfigurationList = D671E8BF1BA7B10F00980679 /* Build configuration list for PBXProject "TestApp1" */;
			compatibilityVersion = "Xcode 3.2";
			developmentRegion = English;
			hasScannedForEncodings = 0;
			knownRegions = (
				en,
				Base,
			);
			mainGroup = D671E8BB1BA7B10F00980679;
			productRefGroup = D671E8C51BA7B10F00980679 /* Products */;
			projectDirPath = "";
			projectRoot = "";
			targets = (
				D671E8C31BA7B10F00980679 /* TestApp1 */,
			);
		};
/* End PBXProject section */

/* Begin PBXResourcesBuildPhase section */
		D671E8C21BA7B10F00980679 /* Resources */ = {
			isa = PBXResourcesBuildPhase;
			buildActionMask = 2147483647;
			files = (
				D671E8D21BA7B10F00980679 /* LaunchScreen.storyboard in Resources */,
				D671E8CF1BA7B10F00980679 /* Assets.xcassets in Resources */,
				D671E8CD1BA7B10F00980679 /* Main.storyboard in Resources */,
			);
			runOnlyForDeploymentPostprocessing = 0;
		};
/* End PBXResourcesBuildPhase section */

/* Begin PBXSourcesBuildPhase section */
		D671E8C01BA7B10F00980679 /* Sources */ = {
			isa = PBXSourcesBuildPhase;
			buildActionMask = 2147483647;
			files = (
				D671E8CA1BA7B10F00980679 /* ViewController.swift in Sources */,
				D671E8C81BA7B10F00980679 /* AppDelegate.swift in Sources */,
			);
			runOnlyForDeploymentPostprocessing = 0;
		};
/* End PBXSourcesBuildPhase section */

/* Begin PBXVariantGroup section */
		D671E8CB1BA7B10F00980679 /* Main.storyboard */ = {
			isa = PBXVariantGroup;
			children = (
				D671E8CC1BA7B10F00980679 /* Base */,
			);
			name = Main.storyboard;
			sourceTree = "<group>";
		};
		D671E8D01BA7B10F00980679 /* LaunchScreen.storyboard */ = {
			isa = PBXVariantGroup;
			children = (
				D671E8D11BA7B10F00980679 /* Base */,
			);
			name = LaunchScreen.storyboard;
			sourceTree = "<group>";
		};
/* End PBXVariantGroup section */

/* Begin XCBuildConfiguration section */
		D671E8D41BA7B10F00980679 /* Debug */ = {
			isa = XCBuildConfiguration;
			buildSettings = {
				ALWAYS_SEARCH_USER_PATHS = NO;
				CLANG_CXX_LANGUAGE_STANDARD = "gnu++0x";
				CLANG_CXX_LIBRARY = "libc++";
				CLANG_ENABLE_MODULES = YES;
				CLANG_ENABLE_OBJC_ARC = YES;
				CLANG_WARN_BOOL_CONVERSION = YES;
				CLANG_WARN_CONSTANT_CONVERSION = YES;
				CLANG_WARN_DIRECT_OBJC_ISA_USAGE = YES_ERROR;
				CLANG_WARN_EMPTY_BODY = YES;
				CLANG_WARN_ENUM_CONVERSION = YES;
				CLANG_WARN_INT_CONVERSION = YES;
				CLANG_WARN_OBJC_ROOT_CLASS = YES_ERROR;
				CLANG_WARN_UNREACHABLE_CODE = YES;
				CLANG_WARN__DUPLICATE_METHOD_MATCH = YES;
				"CODE_SIGN_IDENTITY[sdk=iphoneos*]" = "iPhone Developer";
				COPY_PHASE_STRIP = NO;
				DEBUG_INFORMATION_FORMAT = dwarf;
				ENABLE_STRICT_OBJC_MSGSEND = YES;
				ENABLE_TESTABILITY = YES;
				GCC_C_LANGUAGE_STANDARD = gnu99;
				GCC_DYNAMIC_NO_PIC = NO;
				GCC_NO_COMMON_BLOCKS = YES;
				GCC_OPTIMIZATION_LEVEL = 0;
				GCC_PREPROCESSOR_DEFINITIONS = (
					"DEBUG=1",
					"$(inherited)",
				);
				GCC_WARN_64_TO_32_BIT_CONVERSION = YES;
				GCC_WARN_ABOUT_RETURN_TYPE = YES_ERROR;
				GCC_WARN_UNDECLARED_SELECTOR = YES;
				GCC_WARN_UNINITIALIZED_AUTOS = YES_AGGRESSIVE;
				GCC_WARN_UNUSED_FUNCTION = YES;
				GCC_WARN_UNUSED_VARIABLE = YES;
				IPHONEOS_DEPLOYMENT_TARGET = 9.0;
				MTL_ENABLE_DEBUG_INFO = YES;
				ONLY_ACTIVE_ARCH = YES;
				SDKROOT = iphoneos;
				SWIFT_OPTIMIZATION_LEVEL = "-Onone";
			};
			name = Debug;
		};
		D671E8D51BA7B10F00980679 /* Release */ = {
			isa = XCBuildConfiguration;
			buildSettings = {
				ALWAYS_SEARCH_USER_PATHS = NO;
				CLANG_CXX_LANGUAGE_STANDARD = "gnu++0x";
				CLANG_CXX_LIBRARY = "libc++";
				CLANG_ENABLE_MODULES = YES;
				CLANG_ENABLE_OBJC_ARC = YES;
				CLANG_WARN_BOOL_CONVERSION = YES;
				CLANG_WARN_CONSTANT_CONVERSION = YES;
				CLANG_WARN_DIRECT_OBJC_ISA_USAGE = YES_ERROR;
				CLANG_WARN_EMPTY_BODY = YES;
				CLANG_WARN_ENUM_CONVERSION = YES;
				CLANG_WARN_INT_CONVERSION = YES;
				CLANG_WARN_OBJC_ROOT_CLASS = YES_ERROR;
				CLANG_WARN_UNREACHABLE_CODE = YES;
				CLANG_WARN__DUPLICATE_METHOD_MATCH = YES;
				"CODE_SIGN_IDENTITY[sdk=iphoneos*]" = "iPhone Developer";
				COPY_PHASE_STRIP = NO;
				DEBUG_INFORMATION_FORMAT = "dwarf-with-dsym";
				ENABLE_NS_ASSERTIONS = NO;
				ENABLE_STRICT_OBJC_MSGSEND = YES;
				GCC_C_LANGUAGE_STANDARD = gnu99;
				GCC_NO_COMMON_BLOCKS = YES;
				GCC_WARN_64_TO_32_BIT_CONVERSION = YES;
				GCC_WARN_ABOUT_RETURN_TYPE = YES_ERROR;
				GCC_WARN_UNDECLARED_SELECTOR = YES;
				GCC_WARN_UNINITIALIZED_AUTOS = YES_AGGRESSIVE;
				GCC_WARN_UNUSED_FUNCTION = YES;
				GCC_WARN_UNUSED_VARIABLE = YES;
				IPHONEOS_DEPLOYMENT_TARGET = 9.0;
				MTL_ENABLE_DEBUG_INFO = NO;
				SDKROOT = iphoneos;
				VALIDATE_PRODUCT = YES;
			};
			name = Release;
		};
		D671E8D71BA7B10F00980679 /* Debug */ = {
			isa = XCBuildConfiguration;
			buildSettings = {
				ASSETCATALOG_COMPILER_APPICON_NAME = AppIcon;
				INFOPLIST_FILE = TestApp1/Info.plist;
				LD_RUNPATH_SEARCH_PATHS = "$(inherited) @executable_path/Frameworks";
				PRODUCT_BUNDLE_IDENTIFIER = com.example.TestApp1;
				PRODUCT_NAME = "$(TARGET_NAME)";
			};
			name = Debug;
		};
		D671E8D81BA7B10F00980679 /* Release */ = {
			isa = XCBuildConfiguration;
			buildSettings = {
				ASSETCATALOG_COMPILER_APPICON_NAME = AppIcon;
				INFOPLIST_FILE = TestApp1/Info.plist;
				LD_RUNPATH_SEARCH_PATHS = "$(inherited) @executable_path/Frameworks";
				PRODUCT_BUNDLE_IDENTIFIER = com.example.TestApp1;
				PRODUCT_NAME = "$(TARGET_NAME)";
			};
			name = Release;
		};
/* End XCBuildConfiguration section */

/* Begin XCConfigurationList section */
		D671E8BF1BA7B10F00980679 /* Build configuration list for PBXProject "TestApp1" */ = {
			isa = XCConfigurationList;
			buildConfigurations = (
				D671E8D41BA7B10F00980679 /* Debug */,
				D671E8D51BA7B10F00980679 /* Release */,
			);
			defaultConfigurationIsVisible = 0;
			defaultConfigurationName = Release;
		};
		D671E8D61BA7B10F00980679 /* Build configuration list for PBXNativeTarget "TestApp1" */ = {
			isa = XCConfigurationList;
			buildConfigurations = (
				D671E8D71BA7B10F00980679 /* Debug */,
				D671E8D81BA7B10F00980679 /* Release */,
			);
			defaultConfigurationIsVisible = 0;
		};
/* End XCConfigurationList section */
	};
	rootObject = D671E8BC1BA7B10F00980679 /* Project object */;
}
